# THIS IS AN AUTOGENERATED FILE. DO NOT EDIT THIS FILE DIRECTLY.
# yarn lockfile v1


eslint-plugin-no-es6-getter-setter@^0.1.0:
  version "0.1.0"
  resolved "https://registry.yarnpkg.com/eslint-plugin-no-es6-getter-setter/-/eslint-plugin-no-es6-getter-setter-0.1.0.tgz#922a8a2cddb1f2f08e57ff6f5b49df4833e0f917"

git-validate@^2.2.2:
  version "2.2.2"
  resolved "https://registry.yarnpkg.com/git-validate/-/git-validate-2.2.2.tgz#9cc8ff001177957a11726ab508d415bb80b18bcf"
